
Microsoft Visual Studio Solution File, Format Version 12.00
# Visual Studio Version 17
VisualStudioVersion = 17.10.35004.147
MinimumVisualStudioVersion = 10.0.40219.1
Project("{2150E333-8FDC-42A3-9474-1A3956D46DE8}") = "src", "src", "{6C9F4322-BDC7-42DA-ACBD-1AC641B907B4}"
EndProject
Project("{9A19103F-16F7-4668-BE54-9A1E7A4F7556}") = "Rm.Abp.BootstrapBlazorUI", "src\Rm.Abp.BootstrapBlazorUI\Rm.Abp.BootstrapBlazorUI.csproj", "{9EA4AA35-DEFC-4C25-8333-78137853EC5D}"
EndProject
Project("{2150E333-8FDC-42A3-9474-1A3956D46DE8}") = "modules", "modules", "{0C432416-770F-4331-84E6-5835408A9BD8}"
EndProject
Project("{2150E333-8FDC-42A3-9474-1A3956D46DE8}") = "samples", "samples", "{E36D7268-C7A6-4A7F-81DB-57070F4B049C}"
EndProject
Project("{2150E333-8FDC-42A3-9474-1A3956D46DE8}") = "PermissionManagement", "PermissionManagement", "{30DCF9C7-BEA3-46D8-83C4-748FF24FFB96}"
EndProject
Project("{9A19103F-16F7-4668-BE54-9A1E7A4F7556}") = "Rm.Abp.PermissionManagement.Blazor.BootstrapBlazorUI", "modules\PermissionManagement\Rm.Abp.PermissionManagement.Blazor.BootstrapBlazorUI\Rm.Abp.PermissionManagement.Blazor.BootstrapBlazorUI.csproj", "{FD90132E-3B0E-4677-A7CE-8783FCC5E427}"
EndProject
Project("{2150E333-8FDC-42A3-9474-1A3956D46DE8}") = "IdentityManagement", "IdentityManagement", "{8EC75594-FF27-4590-A726-B0C240EC0DC6}"
EndProject
Project("{9A19103F-16F7-4668-BE54-9A1E7A4F7556}") = "Rm.Abp.PermissionManagement.Blazor.Server.BootstrapBlazorUI", "modules\PermissionManagement\Rm.Abp.PermissionManagement.Blazor.Server.BootstrapBlazorUI\Rm.Abp.PermissionManagement.Blazor.Server.BootstrapBlazorUI.csproj", "{EF106F75-3B60-4C72-902D-DDE46EEF7D84}"
EndProject
Project("{9A19103F-16F7-4668-BE54-9A1E7A4F7556}") = "Rm.Abp.IdentityManagement.Blazor.BootstrapBlazorUI", "modules\IdentityManagement\Rm.Abp.IdentityManagement.Blazor.BootstrapBlazorUI\Rm.Abp.IdentityManagement.Blazor.BootstrapBlazorUI.csproj", "{62606EC9-E888-47C0-BBAC-E7E40652DFD3}"
EndProject
Project("{9A19103F-16F7-4668-BE54-9A1E7A4F7556}") = "Rm.Abp.IdentityManagement.Blazor.Server.BootstrapBlazorUI", "modules\IdentityManagement\Rm.Abp.IdentityManagement.Blazor.Server.BootstrapBlazorUI\Rm.Abp.IdentityManagement.Blazor.Server.BootstrapBlazorUI.csproj", "{782E3414-6807-49A6-A7C4-9239BBACE0AE}"
EndProject
Project("{2150E333-8FDC-42A3-9474-1A3956D46DE8}") = "TenantManagement", "TenantManagement", "{9FB30E31-D5F4-4E67-877E-78FAD7C3846D}"
EndProject
Project("{9A19103F-16F7-4668-BE54-9A1E7A4F7556}") = "Rm.Abp.TenantManagement.Blazor.BootstrapBlazorUI", "modules\TenantManagement\Rm.Abp.TenantManagement.Blazor.BootstrapBlazorUI\Rm.Abp.TenantManagement.Blazor.BootstrapBlazorUI.csproj", "{995DD783-AAA5-450A-AF5C-6DFA513343F8}"
EndProject
Project("{2150E333-8FDC-42A3-9474-1A3956D46DE8}") = "FeatureManagement", "FeatureManagement", "{5774E9F0-F6AE-4EDA-8240-315F82F3D1E1}"
EndProject
Project("{9A19103F-16F7-4668-BE54-9A1E7A4F7556}") = "Rm.Abp.FeatureManagement.Blazor.BootstrapBlazorUI", "modules\FeatureManagement\Rm.Abp.FeatureManagement.Blazor.BootstrapBlazorUI\Rm.Abp.FeatureManagement.Blazor.BootstrapBlazorUI.csproj", "{496912B1-C4E3-477E-8AF8-D95DFC604B7C}"
EndProject
Project("{9A19103F-16F7-4668-BE54-9A1E7A4F7556}") = "Rm.Abp.FeatureManagement.Blazor.Server.BootstrapBlazorUI", "modules\FeatureManagement\Rm.Abp.FeatureManagement.Blazor.Server.BootstrapBlazorUI\Rm.Abp.FeatureManagement.Blazor.Server.BootstrapBlazorUI.csproj", "{C404A7B8-8271-417D-B02C-20EDC7FB48B7}"
EndProject
Project("{9A19103F-16F7-4668-BE54-9A1E7A4F7556}") = "Rm.Abp.TenantManagement.Blazor.Server.BootstrapBlazorUI", "modules\TenantManagement\Rm.Abp.TenantManagement.Blazor.Server.BootstrapBlazorUI\Rm.Abp.TenantManagement.Blazor.Server.BootstrapBlazorUI.csproj", "{55BB2D05-7DCF-4BA4-B9E4-823A98C2B626}"
EndProject
Project("{2150E333-8FDC-42A3-9474-1A3956D46DE8}") = "SettingManagement", "SettingManagement", "{CCAB1F41-EAB4-4564-B956-C32ED0B03EC2}"
EndProject
Project("{9A19103F-16F7-4668-BE54-9A1E7A4F7556}") = "Rm.Abp.SettingManagement.Blazor.BootstrapBlazorUI", "modules\SettingManagement\Rm.Abp.SettingManagement.Blazor.BootstrapBlazorUI\Rm.Abp.SettingManagement.Blazor.BootstrapBlazorUI.csproj", "{2E033BD6-16C2-4F3A-ADD5-C08D6FB8482B}"
EndProject
Project("{9A19103F-16F7-4668-BE54-9A1E7A4F7556}") = "Rm.Abp.SettingManagement.Blazor.Server.BootstrapBlazorUI", "modules\SettingManagement\Rm.Abp.SettingManagement.Blazor.Server.BootstrapBlazorUI\Rm.Abp.SettingManagement.Blazor.Server.BootstrapBlazorUI.csproj", "{F3ADEF50-755E-4FCB-9746-C946CB0306B3}"
EndProject
Project("{2150E333-8FDC-42A3-9474-1A3956D46DE8}") = "BootstrapBlazorTheme", "BootstrapBlazorTheme", "{9F013513-EC16-46DF-BDEF-C9B5F0DA6C12}"
EndProject
Project("{9A19103F-16F7-4668-BE54-9A1E7A4F7556}") = "Rm.Abp.AspnetCore.Components.Server.BootstrapBlazorTheme", "modules\BootstrapBlazorTheme\Rm.Abp.AspnetCore.Components.Server.BootstrapBlazorTheme\Rm.Abp.AspnetCore.Components.Server.BootstrapBlazorTheme.csproj", "{04E406C8-8E9E-47A9-B6EE-7FD32E342A8A}"
EndProject
Project("{9A19103F-16F7-4668-BE54-9A1E7A4F7556}") = "Rm.Abp.AspnetCore.Components.Web.BootstrapBlazorTheme", "modules\BootstrapBlazorTheme\Rm.Abp.AspnetCore.Components.Web.BootstrapBlazorTheme\Rm.Abp.AspnetCore.Components.Web.BootstrapBlazorTheme.csproj", "{61156C3E-96B0-4868-8280-480521326F81}"
EndProject
Project("{2150E333-8FDC-42A3-9474-1A3956D46DE8}") = "Account", "Account", "{00D9210E-D4E1-4FA6-BD7A-A2CA2D411440}"
EndProject
Project("{9A19103F-16F7-4668-BE54-9A1E7A4F7556}") = "Rm.Abp.Account.Web", "modules\Account\Rm.Abp.Account.Web\Rm.Abp.Account.Web.csproj", "{12D46970-6B72-46AF-BB18-177CDB9EC4B7}"
EndProject
Project("{9A19103F-16F7-4668-BE54-9A1E7A4F7556}") = "Rm.Abp.Account.Web.IdentityServer", "modules\Account\Rm.Abp.Account.Web.IdentityServer\Rm.Abp.Account.Web.IdentityServer.csproj", "{89F0A76B-F6FB-443D-A169-CC07486E86AC}"
EndProject
Project("{9A19103F-16F7-4668-BE54-9A1E7A4F7556}") = "Rm.Abp.Account.Web.OpenIddict", "modules\Account\Rm.Abp.Account.Web.OpenIddict\Rm.Abp.Account.Web.OpenIddict.csproj", "{B8AD9969-88C7-4D4B-9A3A-B2B7185CA31B}"
EndProject
Project("{2150E333-8FDC-42A3-9474-1A3956D46DE8}") = "BasicTheme", "BasicTheme", "{69F93E27-BE9C-41FD-ABE1-A408497BAC4E}"
EndProject
Project("{9A19103F-16F7-4668-BE54-9A1E7A4F7556}") = "Rm.Abp.AspNetCore.Mvc.UI.Theme.Basic", "modules\BasicTheme\Rm.Abp.AspNetCore.Mvc.UI.Theme.Basic\Rm.Abp.AspNetCore.Mvc.UI.Theme.Basic.csproj", "{C2C4649C-8EBC-4457-969A-A10FBC83FF8E}"
EndProject
Project("{2150E333-8FDC-42A3-9474-1A3956D46DE8}") = "BookStore", "BookStore", "{02EA681E-C7D8-13C7-8484-4AC65E1B71E8}"
EndProject
Project("{FAE04EC0-301F-11D3-BF4B-00C04F79EFBC}") = "Acme.BookStore.Domain", "samples\BookStore\src\Acme.BookStore.Domain\Acme.BookStore.Domain.csproj", "{5D8850EC-B296-941F-2F51-9E42DD3CA4ED}"
EndProject
Project("{FAE04EC0-301F-11D3-BF4B-00C04F79EFBC}") = "Acme.BookStore.Domain.Shared", "samples\BookStore\src\Acme.BookStore.Domain.Shared\Acme.BookStore.Domain.Shared.csproj", "{3ADFCF9A-5D9D-8A4C-5F71-47911FB45040}"
EndProject
Project("{FAE04EC0-301F-11D3-BF4B-00C04F79EFBC}") = "Acme.BookStore.EntityFrameworkCore", "samples\BookStore\src\Acme.BookStore.EntityFrameworkCore\Acme.BookStore.EntityFrameworkCore.csproj", "{D37F049D-AB55-84D9-8B51-750CF648E4B7}"
EndProject
Project("{FAE04EC0-301F-11D3-BF4B-00C04F79EFBC}") = "Acme.BookStore.Application.Contracts", "samples\BookStore\src\Acme.BookStore.Application.Contracts\Acme.BookStore.Application.Contracts.csproj", "{4458FF2D-B0E8-0F1D-52C3-4DFE10F3CF46}"
EndProject
Project("{FAE04EC0-301F-11D3-BF4B-00C04F79EFBC}") = "Acme.BookStore.Application", "samples\BookStore\src\Acme.BookStore.Application\Acme.BookStore.Application.csproj", "{B03329C0-F21F-0BBE-EB46-783740A0BB01}"
EndProject
Project("{FAE04EC0-301F-11D3-BF4B-00C04F79EFBC}") = "Acme.BookStore.DbMigrator", "samples\BookStore\src\Acme.BookStore.DbMigrator\Acme.BookStore.DbMigrator.csproj", "{EC7BD33B-D1B4-DD9F-DDD1-305B0990E975}"
EndProject
Project("{FAE04EC0-301F-11D3-BF4B-00C04F79EFBC}") = "Acme.BookStore.HttpApi", "samples\BookStore\src\Acme.BookStore.HttpApi\Acme.BookStore.HttpApi.csproj", "{CE53771E-F7AF-7265-6153-DB2DE94EF062}"
EndProject
Project("{FAE04EC0-301F-11D3-BF4B-00C04F79EFBC}") = "Acme.BookStore.Blazor", "samples\BookStore\src\Acme.BookStore.Blazor\Acme.BookStore.Blazor.csproj", "{8933F96E-306A-3277-3425-8842FD25D118}"
EndProject
Project("{2150E333-8FDC-42A3-9474-1A3956D46DE8}") = "src", "src", "{FC2894E0-500D-48EE-9C51-D9A998EB78F1}"
EndProject
Project("{FAE04EC0-301F-11D3-BF4B-00C04F79EFBC}") = "Acme.BookStore.HttpApi.Client", "samples\BookStore\src\Acme.BookStore.HttpApi.Client\Acme.BookStore.HttpApi.Client.csproj", "{173E7488-D2F0-55A8-B728-02CA06355A5B}"
EndProject
Global
	GlobalSection(SolutionConfigurationPlatforms) = preSolution
		Debug|Any CPU = Debug|Any CPU
		Release|Any CPU = Release|Any CPU
	EndGlobalSection
	GlobalSection(ProjectConfigurationPlatforms) = postSolution
		{9EA4AA35-DEFC-4C25-8333-78137853EC5D}.Debug|Any CPU.ActiveCfg = Debug|Any CPU
		{9EA4AA35-DEFC-4C25-8333-78137853EC5D}.Debug|Any CPU.Build.0 = Debug|Any CPU
		{9EA4AA35-DEFC-4C25-8333-78137853EC5D}.Release|Any CPU.ActiveCfg = Release|Any CPU
		{9EA4AA35-DEFC-4C25-8333-78137853EC5D}.Release|Any CPU.Build.0 = Release|Any CPU
		{FD90132E-3B0E-4677-A7CE-8783FCC5E427}.Debug|Any CPU.ActiveCfg = Debug|Any CPU
		{FD90132E-3B0E-4677-A7CE-8783FCC5E427}.Debug|Any CPU.Build.0 = Debug|Any CPU
		{FD90132E-3B0E-4677-A7CE-8783FCC5E427}.Release|Any CPU.ActiveCfg = Release|Any CPU
		{FD90132E-3B0E-4677-A7CE-8783FCC5E427}.Release|Any CPU.Build.0 = Release|Any CPU
		{EF106F75-3B60-4C72-902D-DDE46EEF7D84}.Debug|Any CPU.ActiveCfg = Debug|Any CPU
		{EF106F75-3B60-4C72-902D-DDE46EEF7D84}.Debug|Any CPU.Build.0 = Debug|Any CPU
		{EF106F75-3B60-4C72-902D-DDE46EEF7D84}.Release|Any CPU.ActiveCfg = Release|Any CPU
		{EF106F75-3B60-4C72-902D-DDE46EEF7D84}.Release|Any CPU.Build.0 = Release|Any CPU
		{62606EC9-E888-47C0-BBAC-E7E40652DFD3}.Debug|Any CPU.ActiveCfg = Debug|Any CPU
		{62606EC9-E888-47C0-BBAC-E7E40652DFD3}.Debug|Any CPU.Build.0 = Debug|Any CPU
		{62606EC9-E888-47C0-BBAC-E7E40652DFD3}.Release|Any CPU.ActiveCfg = Release|Any CPU
		{62606EC9-E888-47C0-BBAC-E7E40652DFD3}.Release|Any CPU.Build.0 = Release|Any CPU
		{782E3414-6807-49A6-A7C4-9239BBACE0AE}.Debug|Any CPU.ActiveCfg = Debug|Any CPU
		{782E3414-6807-49A6-A7C4-9239BBACE0AE}.Debug|Any CPU.Build.0 = Debug|Any CPU
		{782E3414-6807-49A6-A7C4-9239BBACE0AE}.Release|Any CPU.ActiveCfg = Release|Any CPU
		{782E3414-6807-49A6-A7C4-9239BBACE0AE}.Release|Any CPU.Build.0 = Release|Any CPU
		{995DD783-AAA5-450A-AF5C-6DFA513343F8}.Debug|Any CPU.ActiveCfg = Debug|Any CPU
		{995DD783-AAA5-450A-AF5C-6DFA513343F8}.Debug|Any CPU.Build.0 = Debug|Any CPU
		{995DD783-AAA5-450A-AF5C-6DFA513343F8}.Release|Any CPU.ActiveCfg = Release|Any CPU
		{995DD783-AAA5-450A-AF5C-6DFA513343F8}.Release|Any CPU.Build.0 = Release|Any CPU
		{496912B1-C4E3-477E-8AF8-D95DFC604B7C}.Debug|Any CPU.ActiveCfg = Debug|Any CPU
		{496912B1-C4E3-477E-8AF8-D95DFC604B7C}.Debug|Any CPU.Build.0 = Debug|Any CPU
		{496912B1-C4E3-477E-8AF8-D95DFC604B7C}.Release|Any CPU.ActiveCfg = Release|Any CPU
		{496912B1-C4E3-477E-8AF8-D95DFC604B7C}.Release|Any CPU.Build.0 = Release|Any CPU
		{C404A7B8-8271-417D-B02C-20EDC7FB48B7}.Debug|Any CPU.ActiveCfg = Debug|Any CPU
		{C404A7B8-8271-417D-B02C-20EDC7FB48B7}.Debug|Any CPU.Build.0 = Debug|Any CPU
		{C404A7B8-8271-417D-B02C-20EDC7FB48B7}.Release|Any CPU.ActiveCfg = Release|Any CPU
		{C404A7B8-8271-417D-B02C-20EDC7FB48B7}.Release|Any CPU.Build.0 = Release|Any CPU
		{55BB2D05-7DCF-4BA4-B9E4-823A98C2B626}.Debug|Any CPU.ActiveCfg = Debug|Any CPU
		{55BB2D05-7DCF-4BA4-B9E4-823A98C2B626}.Debug|Any CPU.Build.0 = Debug|Any CPU
		{55BB2D05-7DCF-4BA4-B9E4-823A98C2B626}.Release|Any CPU.ActiveCfg = Release|Any CPU
		{55BB2D05-7DCF-4BA4-B9E4-823A98C2B626}.Release|Any CPU.Build.0 = Release|Any CPU
		{2E033BD6-16C2-4F3A-ADD5-C08D6FB8482B}.Debug|Any CPU.ActiveCfg = Debug|Any CPU
		{2E033BD6-16C2-4F3A-ADD5-C08D6FB8482B}.Debug|Any CPU.Build.0 = Debug|Any CPU
		{2E033BD6-16C2-4F3A-ADD5-C08D6FB8482B}.Release|Any CPU.ActiveCfg = Release|Any CPU
		{2E033BD6-16C2-4F3A-ADD5-C08D6FB8482B}.Release|Any CPU.Build.0 = Release|Any CPU
		{F3ADEF50-755E-4FCB-9746-C946CB0306B3}.Debug|Any CPU.ActiveCfg = Debug|Any CPU
		{F3ADEF50-755E-4FCB-9746-C946CB0306B3}.Debug|Any CPU.Build.0 = Debug|Any CPU
		{F3ADEF50-755E-4FCB-9746-C946CB0306B3}.Release|Any CPU.ActiveCfg = Release|Any CPU
		{F3ADEF50-755E-4FCB-9746-C946CB0306B3}.Release|Any CPU.Build.0 = Release|Any CPU
		{04E406C8-8E9E-47A9-B6EE-7FD32E342A8A}.Debug|Any CPU.ActiveCfg = Debug|Any CPU
		{04E406C8-8E9E-47A9-B6EE-7FD32E342A8A}.Debug|Any CPU.Build.0 = Debug|Any CPU
		{04E406C8-8E9E-47A9-B6EE-7FD32E342A8A}.Release|Any CPU.ActiveCfg = Release|Any CPU
		{04E406C8-8E9E-47A9-B6EE-7FD32E342A8A}.Release|Any CPU.Build.0 = Release|Any CPU
		{61156C3E-96B0-4868-8280-480521326F81}.Debug|Any CPU.ActiveCfg = Debug|Any CPU
		{61156C3E-96B0-4868-8280-480521326F81}.Debug|Any CPU.Build.0 = Debug|Any CPU
		{61156C3E-96B0-4868-8280-480521326F81}.Release|Any CPU.ActiveCfg = Release|Any CPU
		{61156C3E-96B0-4868-8280-480521326F81}.Release|Any CPU.Build.0 = Release|Any CPU
		{12D46970-6B72-46AF-BB18-177CDB9EC4B7}.Debug|Any CPU.ActiveCfg = Debug|Any CPU
		{12D46970-6B72-46AF-BB18-177CDB9EC4B7}.Debug|Any CPU.Build.0 = Debug|Any CPU
		{12D46970-6B72-46AF-BB18-177CDB9EC4B7}.Release|Any CPU.ActiveCfg = Release|Any CPU
		{12D46970-6B72-46AF-BB18-177CDB9EC4B7}.Release|Any CPU.Build.0 = Release|Any CPU
		{89F0A76B-F6FB-443D-A169-CC07486E86AC}.Debug|Any CPU.ActiveCfg = Debug|Any CPU
		{89F0A76B-F6FB-443D-A169-CC07486E86AC}.Debug|Any CPU.Build.0 = Debug|Any CPU
		{89F0A76B-F6FB-443D-A169-CC07486E86AC}.Release|Any CPU.ActiveCfg = Release|Any CPU
		{89F0A76B-F6FB-443D-A169-CC07486E86AC}.Release|Any CPU.Build.0 = Release|Any CPU
		{B8AD9969-88C7-4D4B-9A3A-B2B7185CA31B}.Debug|Any CPU.ActiveCfg = Debug|Any CPU
		{B8AD9969-88C7-4D4B-9A3A-B2B7185CA31B}.Debug|Any CPU.Build.0 = Debug|Any CPU
		{B8AD9969-88C7-4D4B-9A3A-B2B7185CA31B}.Release|Any CPU.ActiveCfg = Release|Any CPU
		{B8AD9969-88C7-4D4B-9A3A-B2B7185CA31B}.Release|Any CPU.Build.0 = Release|Any CPU
		{C2C4649C-8EBC-4457-969A-A10FBC83FF8E}.Debug|Any CPU.ActiveCfg = Debug|Any CPU
		{C2C4649C-8EBC-4457-969A-A10FBC83FF8E}.Debug|Any CPU.Build.0 = Debug|Any CPU
		{C2C4649C-8EBC-4457-969A-A10FBC83FF8E}.Release|Any CPU.ActiveCfg = Release|Any CPU
		{C2C4649C-8EBC-4457-969A-A10FBC83FF8E}.Release|Any CPU.Build.0 = Release|Any CPU
		{5D8850EC-B296-941F-2F51-9E42DD3CA4ED}.Debug|Any CPU.ActiveCfg = Debug|Any CPU
		{5D8850EC-B296-941F-2F51-9E42DD3CA4ED}.Debug|Any CPU.Build.0 = Debug|Any CPU
		{5D8850EC-B296-941F-2F51-9E42DD3CA4ED}.Release|Any CPU.ActiveCfg = Release|Any CPU
		{5D8850EC-B296-941F-2F51-9E42DD3CA4ED}.Release|Any CPU.Build.0 = Release|Any CPU
		{3ADFCF9A-5D9D-8A4C-5F71-47911FB45040}.Debug|Any CPU.ActiveCfg = Debug|Any CPU
		{3ADFCF9A-5D9D-8A4C-5F71-47911FB45040}.Debug|Any CPU.Build.0 = Debug|Any CPU
		{3ADFCF9A-5D9D-8A4C-5F71-47911FB45040}.Release|Any CPU.ActiveCfg = Release|Any CPU
		{3ADFCF9A-5D9D-8A4C-5F71-47911FB45040}.Release|Any CPU.Build.0 = Release|Any CPU
		{D37F049D-AB55-84D9-8B51-750CF648E4B7}.Debug|Any CPU.ActiveCfg = Debug|Any CPU
		{D37F049D-AB55-84D9-8B51-750CF648E4B7}.Debug|Any CPU.Build.0 = Debug|Any CPU
		{D37F049D-AB55-84D9-8B51-750CF648E4B7}.Release|Any CPU.ActiveCfg = Release|Any CPU
		{D37F049D-AB55-84D9-8B51-750CF648E4B7}.Release|Any CPU.Build.0 = Release|Any CPU
		{4458FF2D-B0E8-0F1D-52C3-4DFE10F3CF46}.Debug|Any CPU.ActiveCfg = Debug|Any CPU
		{4458FF2D-B0E8-0F1D-52C3-4DFE10F3CF46}.Debug|Any CPU.Build.0 = Debug|Any CPU
		{4458FF2D-B0E8-0F1D-52C3-4DFE10F3CF46}.Release|Any CPU.ActiveCfg = Release|Any CPU
		{4458FF2D-B0E8-0F1D-52C3-4DFE10F3CF46}.Release|Any CPU.Build.0 = Release|Any CPU
		{B03329C0-F21F-0BBE-EB46-783740A0BB01}.Debug|Any CPU.ActiveCfg = Debug|Any CPU
		{B03329C0-F21F-0BBE-EB46-783740A0BB01}.Debug|Any CPU.Build.0 = Debug|Any CPU
		{B03329C0-F21F-0BBE-EB46-783740A0BB01}.Release|Any CPU.ActiveCfg = Release|Any CPU
		{B03329C0-F21F-0BBE-EB46-783740A0BB01}.Release|Any CPU.Build.0 = Release|Any CPU
		{EC7BD33B-D1B4-DD9F-DDD1-305B0990E975}.Debug|Any CPU.ActiveCfg = Debug|Any CPU
		{EC7BD33B-D1B4-DD9F-DDD1-305B0990E975}.Debug|Any CPU.Build.0 = Debug|Any CPU
		{EC7BD33B-D1B4-DD9F-DDD1-305B0990E975}.Release|Any CPU.ActiveCfg = Release|Any CPU
		{EC7BD33B-D1B4-DD9F-DDD1-305B0990E975}.Release|Any CPU.Build.0 = Release|Any CPU
		{CE53771E-F7AF-7265-6153-DB2DE94EF062}.Debug|Any CPU.ActiveCfg = Debug|Any CPU
		{CE53771E-F7AF-7265-6153-DB2DE94EF062}.Debug|Any CPU.Build.0 = Debug|Any CPU
		{CE53771E-F7AF-7265-6153-DB2DE94EF062}.Release|Any CPU.ActiveCfg = Release|Any CPU
		{CE53771E-F7AF-7265-6153-DB2DE94EF062}.Release|Any CPU.Build.0 = Release|Any CPU
		{8933F96E-306A-3277-3425-8842FD25D118}.Debug|Any CPU.ActiveCfg = Debug|Any CPU
		{8933F96E-306A-3277-3425-8842FD25D118}.Debug|Any CPU.Build.0 = Debug|Any CPU
		{8933F96E-306A-3277-3425-8842FD25D118}.Release|Any CPU.ActiveCfg = Release|Any CPU
		{8933F96E-306A-3277-3425-8842FD25D118}.Release|Any CPU.Build.0 = Release|Any CPU
		{173E7488-D2F0-55A8-B728-02CA06355A5B}.Debug|Any CPU.ActiveCfg = Debug|Any CPU
		{173E7488-D2F0-55A8-B728-02CA06355A5B}.Debug|Any CPU.Build.0 = Debug|Any CPU
		{173E7488-D2F0-55A8-B728-02CA06355A5B}.Release|Any CPU.ActiveCfg = Release|Any CPU
		{173E7488-D2F0-55A8-B728-02CA06355A5B}.Release|Any CPU.Build.0 = Release|Any CPU
	EndGlobalSection
	GlobalSection(SolutionProperties) = preSolution
		HideSolutionNode = FALSE
	EndGlobalSection
	GlobalSection(NestedProjects) = preSolution
		{9EA4AA35-DEFC-4C25-8333-78137853EC5D} = {6C9F4322-BDC7-42DA-ACBD-1AC641B907B4}
		{30DCF9C7-BEA3-46D8-83C4-748FF24FFB96} = {0C432416-770F-4331-84E6-5835408A9BD8}
		{FD90132E-3B0E-4677-A7CE-8783FCC5E427} = {30DCF9C7-BEA3-46D8-83C4-748FF24FFB96}
		{8EC75594-FF27-4590-A726-B0C240EC0DC6} = {0C432416-770F-4331-84E6-5835408A9BD8}
		{EF106F75-3B60-4C72-902D-DDE46EEF7D84} = {30DCF9C7-BEA3-46D8-83C4-748FF24FFB96}
		{62606EC9-E888-47C0-BBAC-E7E40652DFD3} = {8EC75594-FF27-4590-A726-B0C240EC0DC6}
		{782E3414-6807-49A6-A7C4-9239BBACE0AE} = {8EC75594-FF27-4590-A726-B0C240EC0DC6}
		{9FB30E31-D5F4-4E67-877E-78FAD7C3846D} = {0C432416-770F-4331-84E6-5835408A9BD8}
		{995DD783-AAA5-450A-AF5C-6DFA513343F8} = {9FB30E31-D5F4-4E67-877E-78FAD7C3846D}
		{5774E9F0-F6AE-4EDA-8240-315F82F3D1E1} = {0C432416-770F-4331-84E6-5835408A9BD8}
		{496912B1-C4E3-477E-8AF8-D95DFC604B7C} = {5774E9F0-F6AE-4EDA-8240-315F82F3D1E1}
		{C404A7B8-8271-417D-B02C-20EDC7FB48B7} = {5774E9F0-F6AE-4EDA-8240-315F82F3D1E1}
		{55BB2D05-7DCF-4BA4-B9E4-823A98C2B626} = {9FB30E31-D5F4-4E67-877E-78FAD7C3846D}
		{CCAB1F41-EAB4-4564-B956-C32ED0B03EC2} = {0C432416-770F-4331-84E6-5835408A9BD8}
		{2E033BD6-16C2-4F3A-ADD5-C08D6FB8482B} = {CCAB1F41-EAB4-4564-B956-C32ED0B03EC2}
		{F3ADEF50-755E-4FCB-9746-C946CB0306B3} = {CCAB1F41-EAB4-4564-B956-C32ED0B03EC2}
		{9F013513-EC16-46DF-BDEF-C9B5F0DA6C12} = {0C432416-770F-4331-84E6-5835408A9BD8}
		{04E406C8-8E9E-47A9-B6EE-7FD32E342A8A} = {9F013513-EC16-46DF-BDEF-C9B5F0DA6C12}
		{61156C3E-96B0-4868-8280-480521326F81} = {9F013513-EC16-46DF-BDEF-C9B5F0DA6C12}
		{00D9210E-D4E1-4FA6-BD7A-A2CA2D411440} = {0C432416-770F-4331-84E6-5835408A9BD8}
		{12D46970-6B72-46AF-BB18-177CDB9EC4B7} = {00D9210E-D4E1-4FA6-BD7A-A2CA2D411440}
		{89F0A76B-F6FB-443D-A169-CC07486E86AC} = {00D9210E-D4E1-4FA6-BD7A-A2CA2D411440}
		{B8AD9969-88C7-4D4B-9A3A-B2B7185CA31B} = {00D9210E-D4E1-4FA6-BD7A-A2CA2D411440}
		{69F93E27-BE9C-41FD-ABE1-A408497BAC4E} = {0C432416-770F-4331-84E6-5835408A9BD8}
		{C2C4649C-8EBC-4457-969A-A10FBC83FF8E} = {69F93E27-BE9C-41FD-ABE1-A408497BAC4E}
		{02EA681E-C7D8-13C7-8484-4AC65E1B71E8} = {E36D7268-C7A6-4A7F-81DB-57070F4B049C}
		{5D8850EC-B296-941F-2F51-9E42DD3CA4ED} = {FC2894E0-500D-48EE-9C51-D9A998EB78F1}
		{3ADFCF9A-5D9D-8A4C-5F71-47911FB45040} = {FC2894E0-500D-48EE-9C51-D9A998EB78F1}
		{D37F049D-AB55-84D9-8B51-750CF648E4B7} = {FC2894E0-500D-48EE-9C51-D9A998EB78F1}
		{4458FF2D-B0E8-0F1D-52C3-4DFE10F3CF46} = {FC2894E0-500D-48EE-9C51-D9A998EB78F1}
		{B03329C0-F21F-0BBE-EB46-783740A0BB01} = {FC2894E0-500D-48EE-9C51-D9A998EB78F1}
		{EC7BD33B-D1B4-DD9F-DDD1-305B0990E975} = {FC2894E0-500D-48EE-9C51-D9A998EB78F1}
		{CE53771E-F7AF-7265-6153-DB2DE94EF062} = {FC2894E0-500D-48EE-9C51-D9A998EB78F1}
		{8933F96E-306A-3277-3425-8842FD25D118} = {FC2894E0-500D-48EE-9C51-D9A998EB78F1}
		{FC2894E0-500D-48EE-9C51-D9A998EB78F1} = {02EA681E-C7D8-13C7-8484-4AC65E1B71E8}
		{173E7488-D2F0-55A8-B728-02CA06355A5B} = {FC2894E0-500D-48EE-9C51-D9A998EB78F1}
	EndGlobalSection
	GlobalSection(ExtensibilityGlobals) = postSolution
		SolutionGuid = {5D287E0F-FEE7-4D1E-A5C0-2FEB78E717CB}
	EndGlobalSection
EndGlobal
